// !$*UTF8*$!
{
	archiveVersion = 1;
	classes = {
	};
	objectVersion = 50;
	objects = {

/* Begin PBXBuildFile section */
		163633D226D80FA2008458AB /* CKManager.swift in Sources */ = {isa = PBXBuildFile; fileRef = 163633D126D80FA2008458AB /* CKManager.swift */; };
		16EE775426D56B6700F131FA /* ListView.swift in Sources */ = {isa = PBXBuildFile; fileRef = 16EE775326D56B6700F131FA /* ListView.swift */; };
		16EE775626D6612C00F131FA /* ConfigurationView.swift in Sources */ = {isa = PBXBuildFile; fileRef = 16EE775526D6612C00F131FA /* ConfigurationView.swift */; };
		854BAF8126DB161900EEA224 /* ListConfigurations.swift in Sources */ = {isa = PBXBuildFile; fileRef = 854BAF8026DB161900EEA224 /* ListConfigurations.swift */; };
		854BAF8326DB168E00EEA224 /* AddSharedUser.swift in Sources */ = {isa = PBXBuildFile; fileRef = 854BAF8226DB168E00EEA224 /* AddSharedUser.swift */; };
		8550F18826D965CA00851178 /* HeaderView.swift in Sources */ = {isa = PBXBuildFile; fileRef = 8550F18726D965CA00851178 /* HeaderView.swift */; };
		8550F18D26D9667500851178 /* CheckBoxView.swift in Sources */ = {isa = PBXBuildFile; fileRef = 8550F18C26D9667500851178 /* CheckBoxView.swift */; };
		8550F18F26D9682700851178 /* ListItemView.swift in Sources */ = {isa = PBXBuildFile; fileRef = 8550F18E26D9682700851178 /* ListItemView.swift */; };
		856928F826D56B6A00FBD178 /* ListsView.swift in Sources */ = {isa = PBXBuildFile; fileRef = 856928F726D56B6A00FBD178 /* ListsView.swift */; };
		856928FC26D571AB00FBD178 /* CardList.swift in Sources */ = {isa = PBXBuildFile; fileRef = 856928FB26D571AB00FBD178 /* CardList.swift */; };
		856928FE26D5804600FBD178 /* CardButton.swift in Sources */ = {isa = PBXBuildFile; fileRef = 856928FD26D5804600FBD178 /* CardButton.swift */; };
		8569290126D587A200FBD178 /* ItemDetailView.swift in Sources */ = {isa = PBXBuildFile; fileRef = 8569290026D587A200FBD178 /* ItemDetailView.swift */; };
		85929C2B26D441150072D80E /* NanoChallenge6App.swift in Sources */ = {isa = PBXBuildFile; fileRef = 85929C2A26D441150072D80E /* NanoChallenge6App.swift */; };
		85929C2D26D441150072D80E /* ContentView.swift in Sources */ = {isa = PBXBuildFile; fileRef = 85929C2C26D441150072D80E /* ContentView.swift */; };
		85929C2F26D441170072D80E /* Assets.xcassets in Resources */ = {isa = PBXBuildFile; fileRef = 85929C2E26D441170072D80E /* Assets.xcassets */; };
		85929C3226D441170072D80E /* Preview Assets.xcassets in Resources */ = {isa = PBXBuildFile; fileRef = 85929C3126D441170072D80E /* Preview Assets.xcassets */; };
		85929C3426D441170072D80E /* Persistence.swift in Sources */ = {isa = PBXBuildFile; fileRef = 85929C3326D441170072D80E /* Persistence.swift */; };
		85929C3726D441170072D80E /* NanoChallenge6.xcdatamodeld in Sources */ = {isa = PBXBuildFile; fileRef = 85929C3526D441170072D80E /* NanoChallenge6.xcdatamodeld */; };
		85C0190C26D7CC0500703850 /* CardGrid.swift in Sources */ = {isa = PBXBuildFile; fileRef = 85C0190B26D7CC0500703850 /* CardGrid.swift */; };
		85C0837726D827E80036B73E /* ListManager.swift in Sources */ = {isa = PBXBuildFile; fileRef = 85C0837626D827E80036B73E /* ListManager.swift */; };
		85E62F8D26D6D1DF0038C256 /* CloudKit.framework in Frameworks */ = {isa = PBXBuildFile; fileRef = 85E62F8C26D6D1DF0038C256 /* CloudKit.framework */; };
		85E9C4D826D6E44800582D0C /* ListRecord.swift in Sources */ = {isa = PBXBuildFile; fileRef = 85E9C4D726D6E44800582D0C /* ListRecord.swift */; };
		85E9C4DA26D6FCF300582D0C /* AddListView.swift in Sources */ = {isa = PBXBuildFile; fileRef = 85E9C4D926D6FCF300582D0C /* AddListView.swift */; };
		85E9C4DD26D6FD4E00582D0C /* ListFormHeaderView.swift in Sources */ = {isa = PBXBuildFile; fileRef = 85E9C4DC26D6FD4E00582D0C /* ListFormHeaderView.swift */; };
		85E9C4DF26D7050F00582D0C /* AddListItemView.swift in Sources */ = {isa = PBXBuildFile; fileRef = 85E9C4DE26D7050F00582D0C /* AddListItemView.swift */; };
		85EF76B526E03DD90038B164 /* ListItem.swift in Sources */ = {isa = PBXBuildFile; fileRef = 85EF76B426E03DD90038B164 /* ListItem.swift */; };
		85EFF80826E14E2B003A335F /* ItemFormView.swift in Sources */ = {isa = PBXBuildFile; fileRef = 85EFF80726E14E2B003A335F /* ItemFormView.swift */; };
		85F9F69626DAD6F50054C343 /* ConfigurationHeader.swift in Sources */ = {isa = PBXBuildFile; fileRef = 85F9F69526DAD6F50054C343 /* ConfigurationHeader.swift */; };
/* End PBXBuildFile section */

/* Begin PBXFileReference section */
		163633D126D80FA2008458AB /* CKManager.swift */ = {isa = PBXFileReference; lastKnownFileType = sourcecode.swift; path = CKManager.swift; sourceTree = "<group>"; };
		16EE775326D56B6700F131FA /* ListView.swift */ = {isa = PBXFileReference; lastKnownFileType = sourcecode.swift; path = ListView.swift; sourceTree = "<group>"; };
		16EE775526D6612C00F131FA /* ConfigurationView.swift */ = {isa = PBXFileReference; lastKnownFileType = sourcecode.swift; path = ConfigurationView.swift; sourceTree = "<group>"; };
		854BAF8026DB161900EEA224 /* ListConfigurations.swift */ = {isa = PBXFileReference; lastKnownFileType = sourcecode.swift; path = ListConfigurations.swift; sourceTree = "<group>"; };
		854BAF8226DB168E00EEA224 /* AddSharedUser.swift */ = {isa = PBXFileReference; lastKnownFileType = sourcecode.swift; path = AddSharedUser.swift; sourceTree = "<group>"; };
		8550F18726D965CA00851178 /* HeaderView.swift */ = {isa = PBXFileReference; lastKnownFileType = sourcecode.swift; path = HeaderView.swift; sourceTree = "<group>"; };
		8550F18C26D9667500851178 /* CheckBoxView.swift */ = {isa = PBXFileReference; lastKnownFileType = sourcecode.swift; path = CheckBoxView.swift; sourceTree = "<group>"; };
		8550F18E26D9682700851178 /* ListItemView.swift */ = {isa = PBXFileReference; lastKnownFileType = sourcecode.swift; path = ListItemView.swift; sourceTree = "<group>"; };
		856928F726D56B6A00FBD178 /* ListsView.swift */ = {isa = PBXFileReference; lastKnownFileType = sourcecode.swift; path = ListsView.swift; sourceTree = "<group>"; };
		856928FB26D571AB00FBD178 /* CardList.swift */ = {isa = PBXFileReference; lastKnownFileType = sourcecode.swift; path = CardList.swift; sourceTree = "<group>"; };
		856928FD26D5804600FBD178 /* CardButton.swift */ = {isa = PBXFileReference; lastKnownFileType = sourcecode.swift; path = CardButton.swift; sourceTree = "<group>"; };
		8569290026D587A200FBD178 /* ItemDetailView.swift */ = {isa = PBXFileReference; lastKnownFileType = sourcecode.swift; path = ItemDetailView.swift; sourceTree = "<group>"; };
		85929C2726D441150072D80E /* NanoChallenge6.app */ = {isa = PBXFileReference; explicitFileType = wrapper.application; includeInIndex = 0; path = NanoChallenge6.app; sourceTree = BUILT_PRODUCTS_DIR; };
		85929C2A26D441150072D80E /* NanoChallenge6App.swift */ = {isa = PBXFileReference; lastKnownFileType = sourcecode.swift; path = NanoChallenge6App.swift; sourceTree = "<group>"; };
		85929C2C26D441150072D80E /* ContentView.swift */ = {isa = PBXFileReference; lastKnownFileType = sourcecode.swift; path = ContentView.swift; sourceTree = "<group>"; };
		85929C2E26D441170072D80E /* Assets.xcassets */ = {isa = PBXFileReference; lastKnownFileType = folder.assetcatalog; path = Assets.xcassets; sourceTree = "<group>"; };
		85929C3126D441170072D80E /* Preview Assets.xcassets */ = {isa = PBXFileReference; lastKnownFileType = folder.assetcatalog; path = "Preview Assets.xcassets"; sourceTree = "<group>"; };
		85929C3326D441170072D80E /* Persistence.swift */ = {isa = PBXFileReference; lastKnownFileType = sourcecode.swift; path = Persistence.swift; sourceTree = "<group>"; };
		85929C3626D441170072D80E /* NanoChallenge6.xcdatamodel */ = {isa = PBXFileReference; lastKnownFileType = wrapper.xcdatamodel; path = NanoChallenge6.xcdatamodel; sourceTree = "<group>"; };
		85929C3826D441170072D80E /* Info.plist */ = {isa = PBXFileReference; lastKnownFileType = text.plist.xml; path = Info.plist; sourceTree = "<group>"; };
		85C0190B26D7CC0500703850 /* CardGrid.swift */ = {isa = PBXFileReference; lastKnownFileType = sourcecode.swift; path = CardGrid.swift; sourceTree = "<group>"; };
		85C0837626D827E80036B73E /* ListManager.swift */ = {isa = PBXFileReference; lastKnownFileType = sourcecode.swift; path = ListManager.swift; sourceTree = "<group>"; };
		85E62F8A26D6D1D80038C256 /* NanoChallenge6.entitlements */ = {isa = PBXFileReference; lastKnownFileType = text.plist.entitlements; path = NanoChallenge6.entitlements; sourceTree = "<group>"; };
		85E62F8C26D6D1DF0038C256 /* CloudKit.framework */ = {isa = PBXFileReference; lastKnownFileType = wrapper.framework; name = CloudKit.framework; path = System/Library/Frameworks/CloudKit.framework; sourceTree = SDKROOT; };
		85E9C4D726D6E44800582D0C /* ListRecord.swift */ = {isa = PBXFileReference; lastKnownFileType = sourcecode.swift; path = ListRecord.swift; sourceTree = "<group>"; };
		85E9C4D926D6FCF300582D0C /* AddListView.swift */ = {isa = PBXFileReference; lastKnownFileType = sourcecode.swift; path = AddListView.swift; sourceTree = "<group>"; };
		85E9C4DC26D6FD4E00582D0C /* ListFormHeaderView.swift */ = {isa = PBXFileReference; lastKnownFileType = sourcecode.swift; path = ListFormHeaderView.swift; sourceTree = "<group>"; };
		85E9C4DE26D7050F00582D0C /* AddListItemView.swift */ = {isa = PBXFileReference; lastKnownFileType = sourcecode.swift; path = AddListItemView.swift; sourceTree = "<group>"; };
		85EF76B426E03DD90038B164 /* ListItem.swift */ = {isa = PBXFileReference; lastKnownFileType = sourcecode.swift; path = ListItem.swift; sourceTree = "<group>"; };
		85EFF80726E14E2B003A335F /* ItemFormView.swift */ = {isa = PBXFileReference; lastKnownFileType = sourcecode.swift; path = ItemFormView.swift; sourceTree = "<group>"; };
		85F9F69526DAD6F50054C343 /* ConfigurationHeader.swift */ = {isa = PBXFileReference; lastKnownFileType = sourcecode.swift; path = ConfigurationHeader.swift; sourceTree = "<group>"; };
/* End PBXFileReference section */

/* Begin PBXFrameworksBuildPhase section */
		85929C2426D441150072D80E /* Frameworks */ = {
			isa = PBXFrameworksBuildPhase;
			buildActionMask = 2147483647;
			files = (
				85E62F8D26D6D1DF0038C256 /* CloudKit.framework in Frameworks */,
			);
			runOnlyForDeploymentPostprocessing = 0;
		};
/* End PBXFrameworksBuildPhase section */

/* Begin PBXGroup section */
		851A8CF826D842C3006A6207 /* Subviews */ = {
			isa = PBXGroup;
			children = (
				85C0190B26D7CC0500703850 /* CardGrid.swift */,
				856928FB26D571AB00FBD178 /* CardList.swift */,
				856928FD26D5804600FBD178 /* CardButton.swift */,
			);
			path = Subviews;
			sourceTree = "<group>";
		};
		8550F18626D9658300851178 /* Subviews */ = {
			isa = PBXGroup;
			children = (
				8550F18726D965CA00851178 /* HeaderView.swift */,
				85E9C4DC26D6FD4E00582D0C /* ListFormHeaderView.swift */,
			);
			path = Subviews;
			sourceTree = "<group>";
		};
		8550F18B26D9665C00851178 /* Subviews */ = {
			isa = PBXGroup;
			children = (
				8550F18C26D9667500851178 /* CheckBoxView.swift */,
				8550F18E26D9682700851178 /* ListItemView.swift */,
				85E9C4DE26D7050F00582D0C /* AddListItemView.swift */,
			);
			path = Subviews;
			sourceTree = "<group>";
		};
		856928F626D56B5600FBD178 /* Lists View */ = {
			isa = PBXGroup;
			children = (
				856928F726D56B6A00FBD178 /* ListsView.swift */,
				851A8CF826D842C3006A6207 /* Subviews */,
			);
			path = "Lists View";
			sourceTree = "<group>";
		};
		856928FF26D5878200FBD178 /* Item View */ = {
			isa = PBXGroup;
			children = (
				8569290026D587A200FBD178 /* ItemDetailView.swift */,
				85EFF80726E14E2B003A335F /* ItemFormView.swift */,
				8550F18B26D9665C00851178 /* Subviews */,
			);
			path = "Item View";
			sourceTree = "<group>";
		};
		85929C1E26D441150072D80E = {
			isa = PBXGroup;
			children = (
				85929C2926D441150072D80E /* NanoChallenge6 */,
				85929C2826D441150072D80E /* Products */,
				85E62F8B26D6D1DF0038C256 /* Frameworks */,
			);
			sourceTree = "<group>";
		};
		85929C2826D441150072D80E /* Products */ = {
			isa = PBXGroup;
			children = (
				85929C2726D441150072D80E /* NanoChallenge6.app */,
			);
			name = Products;
			sourceTree = "<group>";
		};
		85929C2926D441150072D80E /* NanoChallenge6 */ = {
			isa = PBXGroup;
			children = (
				85E9C4D626D6E31000582D0C /* Model */,
				85E9C4E326D738ED00582D0C /* Views */,
				85E62F8A26D6D1D80038C256 /* NanoChallenge6.entitlements */,
				85929C2A26D441150072D80E /* NanoChallenge6App.swift */,
				85929C2C26D441150072D80E /* ContentView.swift */,
				85929C2E26D441170072D80E /* Assets.xcassets */,
				85929C3326D441170072D80E /* Persistence.swift */,
				85929C3826D441170072D80E /* Info.plist */,
				85929C3526D441170072D80E /* NanoChallenge6.xcdatamodeld */,
				85929C3026D441170072D80E /* Preview Content */,
				163633D126D80FA2008458AB /* CKManager.swift */,
			);
			path = NanoChallenge6;
			sourceTree = "<group>";
		};
		85929C3026D441170072D80E /* Preview Content */ = {
			isa = PBXGroup;
			children = (
				85929C3126D441170072D80E /* Preview Assets.xcassets */,
			);
			path = "Preview Content";
			sourceTree = "<group>";
		};
		85E62F8B26D6D1DF0038C256 /* Frameworks */ = {
			isa = PBXGroup;
			children = (
				85E62F8C26D6D1DF0038C256 /* CloudKit.framework */,
			);
			name = Frameworks;
			sourceTree = "<group>";
		};
		85E9C4D626D6E31000582D0C /* Model */ = {
			isa = PBXGroup;
			children = (
				85E9C4D726D6E44800582D0C /* ListRecord.swift */,
				85C0837626D827E80036B73E /* ListManager.swift */,
				85EF76B426E03DD90038B164 /* ListItem.swift */,
			);
			path = Model;
			sourceTree = "<group>";
		};
		85E9C4E026D7374800582D0C /* List View */ = {
			isa = PBXGroup;
			children = (
				16EE775326D56B6700F131FA /* ListView.swift */,
				85E9C4D926D6FCF300582D0C /* AddListView.swift */,
				8550F18626D9658300851178 /* Subviews */,
			);
			path = "List View";
			sourceTree = "<group>";
		};
		85E9C4E126D738AD00582D0C /* Configuration View */ = {
			isa = PBXGroup;
			children = (
				16EE775526D6612C00F131FA /* ConfigurationView.swift */,
				85F9F69426DAD6A10054C343 /* Subviews */,
			);
			path = "Configuration View";
			sourceTree = "<group>";
		};
		85E9C4E326D738ED00582D0C /* Views */ = {
			isa = PBXGroup;
			children = (
				856928F626D56B5600FBD178 /* Lists View */,
				85E9C4E026D7374800582D0C /* List View */,
				85E9C4E126D738AD00582D0C /* Configuration View */,
				856928FF26D5878200FBD178 /* Item View */,
			);
			path = Views;
			sourceTree = "<group>";
		};
		85F9F69426DAD6A10054C343 /* Subviews */ = {
			isa = PBXGroup;
			children = (
				85F9F69526DAD6F50054C343 /* ConfigurationHeader.swift */,
				854BAF8026DB161900EEA224 /* ListConfigurations.swift */,
				854BAF8226DB168E00EEA224 /* AddSharedUser.swift */,
			);
			path = Subviews;
			sourceTree = "<group>";
		};
/* End PBXGroup section */

/* Begin PBXNativeTarget section */
		85929C2626D441150072D80E /* NanoChallenge6 */ = {
			isa = PBXNativeTarget;
			buildConfigurationList = 85929C3B26D441170072D80E /* Build configuration list for PBXNativeTarget "NanoChallenge6" */;
			buildPhases = (
				85929C2326D441150072D80E /* Sources */,
				85929C2426D441150072D80E /* Frameworks */,
				85929C2526D441150072D80E /* Resources */,
			);
			buildRules = (
			);
			dependencies = (
			);
			name = NanoChallenge6;
			productName = NanoChallenge6;
			productReference = 85929C2726D441150072D80E /* NanoChallenge6.app */;
			productType = "com.apple.product-type.application";
		};
/* End PBXNativeTarget section */

/* Begin PBXProject section */
		85929C1F26D441150072D80E /* Project object */ = {
			isa = PBXProject;
			attributes = {
				LastSwiftUpdateCheck = 1250;
				LastUpgradeCheck = 1250;
				TargetAttributes = {
					85929C2626D441150072D80E = {
						CreatedOnToolsVersion = 12.5;
					};
				};
			};
			buildConfigurationList = 85929C2226D441150072D80E /* Build configuration list for PBXProject "NanoChallenge6" */;
			compatibilityVersion = "Xcode 9.3";
			developmentRegion = en;
			hasScannedForEncodings = 0;
			knownRegions = (
				en,
				Base,
			);
			mainGroup = 85929C1E26D441150072D80E;
			productRefGroup = 85929C2826D441150072D80E /* Products */;
			projectDirPath = "";
			projectRoot = "";
			targets = (
				85929C2626D441150072D80E /* NanoChallenge6 */,
			);
		};
/* End PBXProject section */

/* Begin PBXResourcesBuildPhase section */
		85929C2526D441150072D80E /* Resources */ = {
			isa = PBXResourcesBuildPhase;
			buildActionMask = 2147483647;
			files = (
				85929C3226D441170072D80E /* Preview Assets.xcassets in Resources */,
				85929C2F26D441170072D80E /* Assets.xcassets in Resources */,
			);
			runOnlyForDeploymentPostprocessing = 0;
		};
/* End PBXResourcesBuildPhase section */

/* Begin PBXSourcesBuildPhase section */
		85929C2326D441150072D80E /* Sources */ = {
			isa = PBXSourcesBuildPhase;
			buildActionMask = 2147483647;
			files = (
				85929C3726D441170072D80E /* NanoChallenge6.xcdatamodeld in Sources */,
				8550F18826D965CA00851178 /* HeaderView.swift in Sources */,
				85E9C4D826D6E44800582D0C /* ListRecord.swift in Sources */,
				8550F18D26D9667500851178 /* CheckBoxView.swift in Sources */,
				85EFF80826E14E2B003A335F /* ItemFormView.swift in Sources */,
				85C0837726D827E80036B73E /* ListManager.swift in Sources */,
				85E9C4DA26D6FCF300582D0C /* AddListView.swift in Sources */,
				854BAF8326DB168E00EEA224 /* AddSharedUser.swift in Sources */,
				163633D226D80FA2008458AB /* CKManager.swift in Sources */,
				16EE775626D6612C00F131FA /* ConfigurationView.swift in Sources */,
				854BAF8126DB161900EEA224 /* ListConfigurations.swift in Sources */,
				85E9C4DF26D7050F00582D0C /* AddListItemView.swift in Sources */,
				856928FE26D5804600FBD178 /* CardButton.swift in Sources */,
				85EF76B526E03DD90038B164 /* ListItem.swift in Sources */,
				856928F826D56B6A00FBD178 /* ListsView.swift in Sources */,
				8569290126D587A200FBD178 /* ItemDetailView.swift in Sources */,
				85929C3426D441170072D80E /* Persistence.swift in Sources */,
				85F9F69626DAD6F50054C343 /* ConfigurationHeader.swift in Sources */,
				16EE775426D56B6700F131FA /* ListView.swift in Sources */,
				8550F18F26D9682700851178 /* ListItemView.swift in Sources */,
				85929C2D26D441150072D80E /* ContentView.swift in Sources */,
				85C0190C26D7CC0500703850 /* CardGrid.swift in Sources */,
				85929C2B26D441150072D80E /* NanoChallenge6App.swift in Sources */,
				856928FC26D571AB00FBD178 /* CardList.swift in Sources */,
				85E9C4DD26D6FD4E00582D0C /* ListFormHeaderView.swift in Sources */,
			);
			runOnlyForDeploymentPostprocessing = 0;
		};
/* End PBXSourcesBuildPhase section */

/* Begin XCBuildConfiguration section */
		85929C3926D441170072D80E /* Debug */ = {
			isa = XCBuildConfiguration;
			buildSettings = {
				ALWAYS_SEARCH_USER_PATHS = NO;
				CLANG_ANALYZER_NONNULL = YES;
				CLANG_ANALYZER_NUMBER_OBJECT_CONVERSION = YES_AGGRESSIVE;
				CLANG_CXX_LANGUAGE_STANDARD = "gnu++14";
				CLANG_CXX_LIBRARY = "libc++";
				CLANG_ENABLE_MODULES = YES;
				CLANG_ENABLE_OBJC_ARC = YES;
				CLANG_ENABLE_OBJC_WEAK = YES;
				CLANG_WARN_BLOCK_CAPTURE_AUTORELEASING = YES;
				CLANG_WARN_BOOL_CONVERSION = YES;
				CLANG_WARN_COMMA = YES;
				CLANG_WARN_CONSTANT_CONVERSION = YES;
				CLANG_WARN_DEPRECATED_OBJC_IMPLEMENTATIONS = YES;
				CLANG_WARN_DIRECT_OBJC_ISA_USAGE = YES_ERROR;
				CLANG_WARN_DOCUMENTATION_COMMENTS = YES;
				CLANG_WARN_EMPTY_BODY = YES;
				CLANG_WARN_ENUM_CONVERSION = YES;
				CLANG_WARN_INFINITE_RECURSION = YES;
				CLANG_WARN_INT_CONVERSION = YES;
				CLANG_WARN_NON_LITERAL_NULL_CONVERSION = YES;
				CLANG_WARN_OBJC_IMPLICIT_RETAIN_SELF = YES;
				CLANG_WARN_OBJC_LITERAL_CONVERSION = YES;
				CLANG_WARN_OBJC_ROOT_CLASS = YES_ERROR;
				CLANG_WARN_QUOTED_INCLUDE_IN_FRAMEWORK_HEADER = YES;
				CLANG_WARN_RANGE_LOOP_ANALYSIS = YES;
				CLANG_WARN_STRICT_PROTOTYPES = YES;
				CLANG_WARN_SUSPICIOUS_MOVE = YES;
				CLANG_WARN_UNGUARDED_AVAILABILITY = YES_AGGRESSIVE;
				CLANG_WARN_UNREACHABLE_CODE = YES;
				CLANG_WARN__DUPLICATE_METHOD_MATCH = YES;
				COPY_PHASE_STRIP = NO;
				DEBUG_INFORMATION_FORMAT = dwarf;
				ENABLE_STRICT_OBJC_MSGSEND = YES;
				ENABLE_TESTABILITY = YES;
				GCC_C_LANGUAGE_STANDARD = gnu11;
				GCC_DYNAMIC_NO_PIC = NO;
				GCC_NO_COMMON_BLOCKS = YES;
				GCC_OPTIMIZATION_LEVEL = 0;
				GCC_PREPROCESSOR_DEFINITIONS = (
					"DEBUG=1",
					"$(inherited)",
				);
				GCC_WARN_64_TO_32_BIT_CONVERSION = YES;
				GCC_WARN_ABOUT_RETURN_TYPE = YES_ERROR;
				GCC_WARN_UNDECLARED_SELECTOR = YES;
				GCC_WARN_UNINITIALIZED_AUTOS = YES_AGGRESSIVE;
				GCC_WARN_UNUSED_FUNCTION = YES;
				GCC_WARN_UNUSED_VARIABLE = YES;
				IPHONEOS_DEPLOYMENT_TARGET = 14.5;
				MTL_ENABLE_DEBUG_INFO = INCLUDE_SOURCE;
				MTL_FAST_MATH = YES;
				ONLY_ACTIVE_ARCH = YES;
				SDKROOT = iphoneos;
				SWIFT_ACTIVE_COMPILATION_CONDITIONS = DEBUG;
				SWIFT_OPTIMIZATION_LEVEL = "-Onone";
			};
			name = Debug;
		};
		85929C3A26D441170072D80E /* Release */ = {
			isa = XCBuildConfiguration;
			buildSettings = {
				ALWAYS_SEARCH_USER_PATHS = NO;
				CLANG_ANALYZER_NONNULL = YES;
				CLANG_ANALYZER_NUMBER_OBJECT_CONVERSION = YES_AGGRESSIVE;
				CLANG_CXX_LANGUAGE_STANDARD = "gnu++14";
				CLANG_CXX_LIBRARY = "libc++";
				CLANG_ENABLE_MODULES = YES;
				CLANG_ENABLE_OBJC_ARC = YES;
				CLANG_ENABLE_OBJC_WEAK = YES;
				CLANG_WARN_BLOCK_CAPTURE_AUTORELEASING = YES;
				CLANG_WARN_BOOL_CONVERSION = YES;
				CLANG_WARN_COMMA = YES;
				CLANG_WARN_CONSTANT_CONVERSION = YES;
				CLANG_WARN_DEPRECATED_OBJC_IMPLEMENTATIONS = YES;
				CLANG_WARN_DIRECT_OBJC_ISA_USAGE = YES_ERROR;
				CLANG_WARN_DOCUMENTATION_COMMENTS = YES;
				CLANG_WARN_EMPTY_BODY = YES;
				CLANG_WARN_ENUM_CONVERSION = YES;
				CLANG_WARN_INFINITE_RECURSION = YES;
				CLANG_WARN_INT_CONVERSION = YES;
				CLANG_WARN_NON_LITERAL_NULL_CONVERSION = YES;
				CLANG_WARN_OBJC_IMPLICIT_RETAIN_SELF = YES;
				CLANG_WARN_OBJC_LITERAL_CONVERSION = YES;
				CLANG_WARN_OBJC_ROOT_CLASS = YES_ERROR;
				CLANG_WARN_QUOTED_INCLUDE_IN_FRAMEWORK_HEADER = YES;
				CLANG_WARN_RANGE_LOOP_ANALYSIS = YES;
				CLANG_WARN_STRICT_PROTOTYPES = YES;
				CLANG_WARN_SUSPICIOUS_MOVE = YES;
				CLANG_WARN_UNGUARDED_AVAILABILITY = YES_AGGRESSIVE;
				CLANG_WARN_UNREACHABLE_CODE = YES;
				CLANG_WARN__DUPLICATE_METHOD_MATCH = YES;
				COPY_PHASE_STRIP = NO;
				DEBUG_INFORMATION_FORMAT = "dwarf-with-dsym";
				ENABLE_NS_ASSERTIONS = NO;
				ENABLE_STRICT_OBJC_MSGSEND = YES;
				GCC_C_LANGUAGE_STANDARD = gnu11;
				GCC_NO_COMMON_BLOCKS = YES;
				GCC_WARN_64_TO_32_BIT_CONVERSION = YES;
				GCC_WARN_ABOUT_RETURN_TYPE = YES_ERROR;
				GCC_WARN_UNDECLARED_SELECTOR = YES;
				GCC_WARN_UNINITIALIZED_AUTOS = YES_AGGRESSIVE;
				GCC_WARN_UNUSED_FUNCTION = YES;
				GCC_WARN_UNUSED_VARIABLE = YES;
				IPHONEOS_DEPLOYMENT_TARGET = 14.5;
				MTL_ENABLE_DEBUG_INFO = NO;
				MTL_FAST_MATH = YES;
				SDKROOT = iphoneos;
				SWIFT_COMPILATION_MODE = wholemodule;
				SWIFT_OPTIMIZATION_LEVEL = "-O";
				VALIDATE_PRODUCT = YES;
			};
			name = Release;
		};
		85929C3C26D441170072D80E /* Debug */ = {
			isa = XCBuildConfiguration;
			buildSettings = {
				ASSETCATALOG_COMPILER_APPICON_NAME = AppIcon;
				ASSETCATALOG_COMPILER_GLOBAL_ACCENT_COLOR_NAME = AccentColor;
				CODE_SIGN_ENTITLEMENTS = NanoChallenge6/NanoChallenge6.entitlements;
				CODE_SIGN_STYLE = Automatic;
				DEVELOPMENT_ASSET_PATHS = "\"NanoChallenge6/Preview Content\"";
				DEVELOPMENT_TEAM = CFSW3AA3PQ;
				ENABLE_PREVIEWS = YES;
				INFOPLIST_FILE = NanoChallenge6/Info.plist;
				IPHONEOS_DEPLOYMENT_TARGET = 14.0;
				LD_RUNPATH_SEARCH_PATHS = (
					"$(inherited)",
					"@executable_path/Frameworks",
				);
				PRODUCT_BUNDLE_IDENTIFIER = grupo9.NanoChallenge6;
				PRODUCT_NAME = "$(TARGET_NAME)";
				SWIFT_VERSION = 5.0;
				TARGETED_DEVICE_FAMILY = "1,2";
			};
			name = Debug;
		};
		85929C3D26D441170072D80E /* Release */ = {
			isa = XCBuildConfiguration;
			buildSettings = {
				ASSETCATALOG_COMPILER_APPICON_NAME = AppIcon;
				ASSETCATALOG_COMPILER_GLOBAL_ACCENT_COLOR_NAME = AccentColor;
				CODE_SIGN_ENTITLEMENTS = NanoChallenge6/NanoChallenge6.entitlements;
				CODE_SIGN_STYLE = Automatic;
				DEVELOPMENT_ASSET_PATHS = "\"NanoChallenge6/Preview Content\"";
				DEVELOPMENT_TEAM = CFSW3AA3PQ;
				ENABLE_PREVIEWS = YES;
				INFOPLIST_FILE = NanoChallenge6/Info.plist;
				IPHONEOS_DEPLOYMENT_TARGET = 14.0;
				LD_RUNPATH_SEARCH_PATHS = (
					"$(inherited)",
					"@executable_path/Frameworks",
				);
				PRODUCT_BUNDLE_IDENTIFIER = grupo9.NanoChallenge6;
				PRODUCT_NAME = "$(TARGET_NAME)";
				SWIFT_VERSION = 5.0;
				TARGETED_DEVICE_FAMILY = "1,2";
			};
			name = Release;
		};
/* End XCBuildConfiguration section */

/* Begin XCConfigurationList section */
		85929C2226D441150072D80E /* Build configuration list for PBXProject "NanoChallenge6" */ = {
			isa = XCConfigurationList;
			buildConfigurations = (
				85929C3926D441170072D80E /* Debug */,
				85929C3A26D441170072D80E /* Release */,
			);
			defaultConfigurationIsVisible = 0;
			defaultConfigurationName = Release;
		};
		85929C3B26D441170072D80E /* Build configuration list for PBXNativeTarget "NanoChallenge6" */ = {
			isa = XCConfigurationList;
			buildConfigurations = (
				85929C3C26D441170072D80E /* Debug */,
				85929C3D26D441170072D80E /* Release */,
			);
			defaultConfigurationIsVisible = 0;
			defaultConfigurationName = Release;
		};
/* End XCConfigurationList section */

/* Begin XCVersionGroup section */
		85929C3526D441170072D80E /* NanoChallenge6.xcdatamodeld */ = {
			isa = XCVersionGroup;
			children = (
				85929C3626D441170072D80E /* NanoChallenge6.xcdatamodel */,
			);
			currentVersion = 85929C3626D441170072D80E /* NanoChallenge6.xcdatamodel */;
			path = NanoChallenge6.xcdatamodeld;
			sourceTree = "<group>";
			versionGroupType = wrapper.xcdatamodel;
		};
/* End XCVersionGroup section */
	};
	rootObject = 85929C1F26D441150072D80E /* Project object */;
}
